
Microsoft Visual Studio Solution File, Format Version 12.00
# Visual Studio Version 17
VisualStudioVersion = 17.13.35825.156 d17.13
MinimumVisualStudioVersion = 10.0.40219.1
Project("{FAE04EC0-301F-11D3-BF4B-00C04F79EFBC}") = "TrelloSys", "TrelloSys.csproj", "{F5918C05-77B7-4618-BD4A-49CF66CB2586}"
EndProject
Global
	GlobalSection(SolutionConfigurationPlatforms) = preSolution
		Debug|Any CPU = Debug|Any CPU
		Release|Any CPU = Release|Any CPU
	EndGlobalSection
	GlobalSection(ProjectConfigurationPlatforms) = postSolution
		{F5918C05-77B7-4618-BD4A-49CF66CB2586}.Debug|Any CPU.ActiveCfg = Debug|Any CPU
		{F5918C05-77B7-4618-BD4A-49CF66CB2586}.Debug|Any CPU.Build.0 = Debug|Any CPU
		{F5918C05-77B7-4618-BD4A-49CF66CB2586}.Release|Any CPU.ActiveCfg = Release|Any CPU
		{F5918C05-77B7-4618-BD4A-49CF66CB2586}.Release|Any CPU.Build.0 = Release|Any CPU
	EndGlobalSection
	GlobalSection(SolutionProperties) = preSolution
		HideSolutionNode = FALSE
	EndGlobalSection
	GlobalSection(ExtensibilityGlobals) = postSolution
		SolutionGuid = {72DBBC77-3649-4B8A-A020-7ED31E6505A9}
	EndGlobalSection
EndGlobal
